
Microsoft Visual Studio Solution File, Format Version 12.00
# Visual Studio Version 17
VisualStudioVersion = 17.0.31912.275
MinimumVisualStudioVersion = 10.0.40219.1
Project("{FAE04EC0-301F-11D3-BF4B-00C04F79EFBC}") = "StripeWebhook", "StripeWebhook\StripeWebhook.csproj", "{168324DD-A91B-4EC9-8FFB-ADFE78C7014D}"
EndProject
Global
	GlobalSection(SolutionConfigurationPlatforms) = preSolution
		Debug|Any CPU = Debug|Any CPU
		Release|Any CPU = Release|Any CPU
	EndGlobalSection
	GlobalSection(ProjectConfigurationPlatforms) = postSolution
		{168324DD-A91B-4EC9-8FFB-ADFE78C7014D}.Debug|Any CPU.ActiveCfg = Debug|Any CPU
		{168324DD-A91B-4EC9-8FFB-ADFE78C7014D}.Debug|Any CPU.Build.0 = Debug|Any CPU
		{168324DD-A91B-4EC9-8FFB-ADFE78C7014D}.Release|Any CPU.ActiveCfg = Release|Any CPU
		{168324DD-A91B-4EC9-8FFB-ADFE78C7014D}.Release|Any CPU.Build.0 = Release|Any CPU
	EndGlobalSection
	GlobalSection(SolutionProperties) = preSolution
		HideSolutionNode = FALSE
	EndGlobalSection
	GlobalSection(ExtensibilityGlobals) = postSolution
		SolutionGuid = {2B253979-1D36-4B1A-AC17-8FD10E06CE0C}
	EndGlobalSection
EndGlobal
